
Microsoft Visual Studio Solution File, Format Version 12.00
# Visual Studio 15
VisualStudioVersion = 15.0.28307.1321
MinimumVisualStudioVersion = 10.0.40219.1
Project("{FAE04EC0-301F-11D3-BF4B-00C04F79EFBC}") = "Assembly-CSharp", "Assembly-CSharp.csproj", "{B9CD3BE9-AF2E-1AC6-8DD1-718204364344}"
EndProject
Project("{FAE04EC0-301F-11D3-BF4B-00C04F79EFBC}") = "Assembly-CSharp-Editor", "Assembly-CSharp-Editor.csproj", "{3892F6FE-D716-62C8-8203-AB3CB4430868}"
EndProject
Global
	GlobalSection(SolutionConfigurationPlatforms) = preSolution
		Debug|Any CPU = Debug|Any CPU
		Release|Any CPU = Release|Any CPU
	EndGlobalSection
	GlobalSection(ProjectConfigurationPlatforms) = postSolution
		{B9CD3BE9-AF2E-1AC6-8DD1-718204364344}.Debug|Any CPU.ActiveCfg = Debug|Any CPU
		{B9CD3BE9-AF2E-1AC6-8DD1-718204364344}.Debug|Any CPU.Build.0 = Debug|Any CPU
		{B9CD3BE9-AF2E-1AC6-8DD1-718204364344}.Release|Any CPU.ActiveCfg = Release|Any CPU
		{B9CD3BE9-AF2E-1AC6-8DD1-718204364344}.Release|Any CPU.Build.0 = Release|Any CPU
		{3892F6FE-D716-62C8-8203-AB3CB4430868}.Debug|Any CPU.ActiveCfg = Debug|Any CPU
		{3892F6FE-D716-62C8-8203-AB3CB4430868}.Debug|Any CPU.Build.0 = Debug|Any CPU
		{3892F6FE-D716-62C8-8203-AB3CB4430868}.Release|Any CPU.ActiveCfg = Release|Any CPU
		{3892F6FE-D716-62C8-8203-AB3CB4430868}.Release|Any CPU.Build.0 = Release|Any CPU
	EndGlobalSection
	GlobalSection(SolutionProperties) = preSolution
		HideSolutionNode = FALSE
	EndGlobalSection
	GlobalSection(ExtensibilityGlobals) = postSolution
		SolutionGuid = {812A6E51-7EE2-4870-BF4C-8B03A8230569}
	EndGlobalSection
EndGlobal
