
Microsoft Visual Studio Solution File, Format Version 12.00
# Visual Studio 15
Project("{FAE04EC0-301F-11D3-BF4B-00C04F79EFBC}") = "Assembly-CSharp", "Assembly-CSharp.csproj", "{FEFDB2B9-BE6E-F03B-B2F7-5217F65C3A77}"
EndProject
Project("{FAE04EC0-301F-11D3-BF4B-00C04F79EFBC}") = "Assembly-CSharp-Editor", "Assembly-CSharp-Editor.csproj", "{5ED60CAF-159D-5F00-CB73-251DD35CE0CB}"
EndProject
Global
	GlobalSection(SolutionConfigurationPlatforms) = preSolution
		Debug|Any CPU = Debug|Any CPU
		Release|Any CPU = Release|Any CPU
	EndGlobalSection
	GlobalSection(ProjectConfigurationPlatforms) = postSolution
		{FEFDB2B9-BE6E-F03B-B2F7-5217F65C3A77}.Debug|Any CPU.ActiveCfg = Debug|Any CPU
		{FEFDB2B9-BE6E-F03B-B2F7-5217F65C3A77}.Debug|Any CPU.Build.0 = Debug|Any CPU
		{FEFDB2B9-BE6E-F03B-B2F7-5217F65C3A77}.Release|Any CPU.ActiveCfg = Release|Any CPU
		{FEFDB2B9-BE6E-F03B-B2F7-5217F65C3A77}.Release|Any CPU.Build.0 = Release|Any CPU
		{5ED60CAF-159D-5F00-CB73-251DD35CE0CB}.Debug|Any CPU.ActiveCfg = Debug|Any CPU
		{5ED60CAF-159D-5F00-CB73-251DD35CE0CB}.Debug|Any CPU.Build.0 = Debug|Any CPU
		{5ED60CAF-159D-5F00-CB73-251DD35CE0CB}.Release|Any CPU.ActiveCfg = Release|Any CPU
		{5ED60CAF-159D-5F00-CB73-251DD35CE0CB}.Release|Any CPU.Build.0 = Release|Any CPU
	EndGlobalSection
	GlobalSection(SolutionProperties) = preSolution
		HideSolutionNode = FALSE
	EndGlobalSection
EndGlobal
